// !$*UTF8*$!
{
	archiveVersion = 1;
	classes = {
	};
	objectVersion = 46;
	objects = {

/* Begin PBXBuildFile section */
		AC08870616022604004DF33F /* UIKit.framework in Frameworks */ = {isa = PBXBuildFile; fileRef = AC08870516022604004DF33F /* UIKit.framework */; };
		AC08870816022604004DF33F /* Foundation.framework in Frameworks */ = {isa = PBXBuildFile; fileRef = AC08870716022604004DF33F /* Foundation.framework */; };
		AC08870A16022604004DF33F /* CoreGraphics.framework in Frameworks */ = {isa = PBXBuildFile; fileRef = AC08870916022604004DF33F /* CoreGraphics.framework */; };
		AC08871016022604004DF33F /* InfoPlist.strings in Resources */ = {isa = PBXBuildFile; fileRef = AC08870E16022604004DF33F /* InfoPlist.strings */; };
		AC08871216022604004DF33F /* main.m in Sources */ = {isa = PBXBuildFile; fileRef = AC08871116022604004DF33F /* main.m */; };
		AC08871616022604004DF33F /* AppDelegate.m in Sources */ = {isa = PBXBuildFile; fileRef = AC08871516022604004DF33F /* AppDelegate.m */; };
		AC08871916022604004DF33F /* MainStoryboard.storyboard in Resources */ = {isa = PBXBuildFile; fileRef = AC08871716022604004DF33F /* MainStoryboard.storyboard */; };
		AC08871C16022604004DF33F /* ViewController.m in Sources */ = {isa = PBXBuildFile; fileRef = AC08871B16022604004DF33F /* ViewController.m */; };
/* End PBXBuildFile section */

/* Begin PBXFileReference section */
		AC08870116022604004DF33F /* Sqlite3Demo.app */ = {isa = PBXFileReference; explicitFileType = wrapper.application; includeInIndex = 0; path = Sqlite3Demo.app; sourceTree = BUILT_PRODUCTS_DIR; };
		AC08870516022604004DF33F /* UIKit.framework */ = {isa = PBXFileReference; lastKnownFileType = wrapper.framework; name = UIKit.framework; path = System/Library/Frameworks/UIKit.framework; sourceTree = SDKROOT; };
		AC08870716022604004DF33F /* Foundation.framework */ = {isa = PBXFileReference; lastKnownFileType = wrapper.framework; name = Foundation.framework; path = System/Library/Frameworks/Foundation.framework; sourceTree = SDKROOT; };
		AC08870916022604004DF33F /* CoreGraphics.framework */ = {isa = PBXFileReference; lastKnownFileType = wrapper.framework; name = CoreGraphics.framework; path = System/Library/Frameworks/CoreGraphics.framework; sourceTree = SDKROOT; };
		AC08870D16022604004DF33F /* Sqlite3Demo-Info.plist */ = {isa = PBXFileReference; path = "Sqlite3Demo-Info.plist"; sourceTree = "<group>"; };
		AC08870F16022604004DF33F /* en */ = {isa = PBXFileReference; lastKnownFileType = text.plist.strings; name = en; path = en.lproj/InfoPlist.strings; sourceTree = "<group>"; };
		AC08871116022604004DF33F /* main.m */ = {isa = PBXFileReference; lastKnownFileType = sourcecode.c.objc; path = main.m; sourceTree = "<group>"; };
		AC08871316022604004DF33F /* Sqlite3Demo-Prefix.pch */ = {isa = PBXFileReference; path = "Sqlite3Demo-Prefix.pch"; sourceTree = "<group>"; };
		AC08871416022604004DF33F /* AppDelegate.h */ = {isa = PBXFileReference; path = AppDelegate.h; sourceTree = "<group>"; };
		AC08871516022604004DF33F /* AppDelegate.m */ = {isa = PBXFileReference; lastKnownFileType = sourcecode.c.objc; path = AppDelegate.m; sourceTree = "<group>"; };
		AC08871816022604004DF33F /* en */ = {isa = PBXFileReference; lastKnownFileType = file.storyboard; name = en; path = en.lproj/MainStoryboard.storyboard; sourceTree = "<group>"; };
		AC08871A16022604004DF33F /* ViewController.h */ = {isa = PBXFileReference; path = ViewController.h; sourceTree = "<group>"; };
		AC08871B16022604004DF33F /* ViewController.m */ = {isa = PBXFileReference; lastKnownFileType = sourcecode.c.objc; path = ViewController.m; sourceTree = "<group>"; };
/* End PBXFileReference section */

/* Begin PBXFrameworksBuildPhase section */
		AC0886FE16022604004DF33F /* Frameworks */ = {
			isa = PBXFrameworksBuildPhase;
			buildActionMask = 2147483647;
			files = (
				AC08870616022604004DF33F /* UIKit.framework in Frameworks */,
				AC08870816022604004DF33F /* Foundation.framework in Frameworks */,
				AC08870A16022604004DF33F /* CoreGraphics.framework in Frameworks */,
			);
			runOnlyForDeploymentPostprocessing = 0;
		};
/* End PBXFrameworksBuildPhase section */

/* Begin PBXGroup section */
		AC0886F616022603004DF33F = {
			isa = PBXGroup;
			children = (
				AC08870B16022604004DF33F /* Sqlite3Demo */,
				AC08870416022604004DF33F /* Frameworks */,
				AC08870216022604004DF33F /* Products */,
			);
			sourceTree = "<group>";
		};
		AC08870216022604004DF33F /* Products */ = {
			isa = PBXGroup;
			children = (
				AC08870116022604004DF33F /* Sqlite3Demo.app */,
			);
			name = Products;
			sourceTree = "<group>";
		};
		AC08870416022604004DF33F /* Frameworks */ = {
			isa = PBXGroup;
			children = (
				AC08870516022604004DF33F /* UIKit.framework */,
				AC08870716022604004DF33F /* Foundation.framework */,
				AC08870916022604004DF33F /* CoreGraphics.framework */,
			);
			name = Frameworks;
			sourceTree = "<group>";
		};
		AC08870B16022604004DF33F /* Sqlite3Demo */ = {
			isa = PBXGroup;
			children = (
				AC08871416022604004DF33F /* AppDelegate.h */,
				AC08871516022604004DF33F /* AppDelegate.m */,
				AC08871716022604004DF33F /* MainStoryboard.storyboard */,
				AC08871A16022604004DF33F /* ViewController.h */,
				AC08871B16022604004DF33F /* ViewController.m */,
				AC08870C16022604004DF33F /* Supporting Files */,
			);
			path = Sqlite3Demo;
			sourceTree = "<group>";
		};
		AC08870C16022604004DF33F /* Supporting Files */ = {
			isa = PBXGroup;
			children = (
				AC08870D16022604004DF33F /* Sqlite3Demo-Info.plist */,
				AC08870E16022604004DF33F /* InfoPlist.strings */,
				AC08871116022604004DF33F /* main.m */,
				AC08871316022604004DF33F /* Sqlite3Demo-Prefix.pch */,
			);
			name = "Supporting Files";
			sourceTree = "<group>";
		};
/* End PBXGroup section */

/* Begin PBXNativeTarget section */
		AC08870016022604004DF33F /* Sqlite3Demo */ = {
			isa = PBXNativeTarget;
			buildConfigurationList = AC08871F16022604004DF33F /* Build configuration list for PBXNativeTarget "Sqlite3Demo" */;
			buildPhases = (
				AC0886FD16022604004DF33F /* Sources */,
				AC0886FE16022604004DF33F /* Frameworks */,
				AC0886FF16022604004DF33F /* Resources */,
			);
			buildRules = (
			);
			dependencies = (
			);
			name = Sqlite3Demo;
			productName = Sqlite3Demo;
			productReference = AC08870116022604004DF33F /* Sqlite3Demo.app */;
			productType = "com.apple.product-type.application";
		};
/* End PBXNativeTarget section */

/* Begin PBXProject section */
		AC0886F816022603004DF33F /* Project object */ = {
			isa = PBXProject;
			attributes = {
				LastUpgradeCheck = 0420;
				ORGANIZATIONNAME = "点睛工作室";
			};
			buildConfigurationList = AC0886FB16022603004DF33F /* Build configuration list for PBXProject "Sqlite3Demo" */;
			compatibilityVersion = "Xcode 3.2";
			developmentRegion = English;
			hasScannedForEncodings = 0;
			knownRegions = (
				en,
			);
			mainGroup = AC0886F616022603004DF33F;
			productRefGroup = AC08870216022604004DF33F /* Products */;
			projectDirPath = "";
			projectRoot = "";
			targets = (
				AC08870016022604004DF33F /* Sqlite3Demo */,
			);
		};
/* End PBXProject section */

/* Begin PBXResourcesBuildPhase section */
		AC0886FF16022604004DF33F /* Resources */ = {
			isa = PBXResourcesBuildPhase;
			buildActionMask = 2147483647;
			files = (
				AC08871016022604004DF33F /* InfoPlist.strings in Resources */,
				AC08871916022604004DF33F /* MainStoryboard.storyboard in Resources */,
			);
			runOnlyForDeploymentPostprocessing = 0;
		};
/* End PBXResourcesBuildPhase section */

/* Begin PBXSourcesBuildPhase section */
		AC0886FD16022604004DF33F /* Sources */ = {
			isa = PBXSourcesBuildPhase;
			buildActionMask = 2147483647;
			files = (
				AC08871216022604004DF33F /* main.m in Sources */,
				AC08871616022604004DF33F /* AppDelegate.m in Sources */,
				AC08871C16022604004DF33F /* ViewController.m in Sources */,
			);
			runOnlyForDeploymentPostprocessing = 0;
		};
/* End PBXSourcesBuildPhase section */

/* Begin PBXVariantGroup section */
		AC08870E16022604004DF33F /* InfoPlist.strings */ = {
			isa = PBXVariantGroup;
			children = (
				AC08870F16022604004DF33F /* en */,
			);
			name = InfoPlist.strings;
			sourceTree = "<group>";
		};
		AC08871716022604004DF33F /* MainStoryboard.storyboard */ = {
			isa = PBXVariantGroup;
			children = (
				AC08871816022604004DF33F /* en */,
			);
			name = MainStoryboard.storyboard;
			sourceTree = "<group>";
		};
/* End PBXVariantGroup section */

/* Begin XCBuildConfiguration section */
		AC08871D16022604004DF33F /* Debug */ = {
			isa = XCBuildConfiguration;
			buildSettings = {
				ALWAYS_SEARCH_USER_PATHS = NO;
				ARCHS = "$(ARCHS_STANDARD_32_BIT)";
				CLANG_ENABLE_OBJC_ARC = YES;
				"CODE_SIGN_IDENTITY[sdk=iphoneos*]" = "iPhone Developer";
				COPY_PHASE_STRIP = NO;
				GCC_C_LANGUAGE_STANDARD = gnu99;
				GCC_DYNAMIC_NO_PIC = NO;
				GCC_OPTIMIZATION_LEVEL = 0;
				GCC_PREPROCESSOR_DEFINITIONS = (
					"DEBUG=1",
					"$(inherited)",
				);
				GCC_SYMBOLS_PRIVATE_EXTERN = NO;
				GCC_VERSION = com.apple.compilers.llvm.clang.1_0;
				GCC_WARN_ABOUT_MISSING_PROTOTYPES = YES;
				GCC_WARN_ABOUT_RETURN_TYPE = YES;
				GCC_WARN_UNUSED_VARIABLE = YES;
				IPHONEOS_DEPLOYMENT_TARGET = 5.0;
				SDKROOT = iphoneos;
			};
			name = Debug;
		};
		AC08871E16022604004DF33F /* Release */ = {
			isa = XCBuildConfiguration;
			buildSettings = {
				ALWAYS_SEARCH_USER_PATHS = NO;
				ARCHS = "$(ARCHS_STANDARD_32_BIT)";
				CLANG_ENABLE_OBJC_ARC = YES;
				"CODE_SIGN_IDENTITY[sdk=iphoneos*]" = "iPhone Developer";
				COPY_PHASE_STRIP = YES;
				GCC_C_LANGUAGE_STANDARD = gnu99;
				GCC_VERSION = com.apple.compilers.llvm.clang.1_0;
				GCC_WARN_ABOUT_MISSING_PROTOTYPES = YES;
				GCC_WARN_ABOUT_RETURN_TYPE = YES;
				GCC_WARN_UNUSED_VARIABLE = YES;
				IPHONEOS_DEPLOYMENT_TARGET = 5.0;
				OTHER_CFLAGS = "-DNS_BLOCK_ASSERTIONS=1";
				SDKROOT = iphoneos;
				VALIDATE_PRODUCT = YES;
			};
			name = Release;
		};
		AC08872016022604004DF33F /* Debug */ = {
			isa = XCBuildConfiguration;
			buildSettings = {
				GCC_PRECOMPILE_PREFIX_HEADER = YES;
				GCC_PREFIX_HEADER = "Sqlite3Demo/Sqlite3Demo-Prefix.pch";
				INFOPLIST_FILE = "Sqlite3Demo/Sqlite3Demo-Info.plist";
				PRODUCT_NAME = "$(TARGET_NAME)";
				WRAPPER_EXTENSION = app;
			};
			name = Debug;
		};
		AC08872116022604004DF33F /* Release */ = {
			isa = XCBuildConfiguration;
			buildSettings = {
				GCC_PRECOMPILE_PREFIX_HEADER = YES;
				GCC_PREFIX_HEADER = "Sqlite3Demo/Sqlite3Demo-Prefix.pch";
				INFOPLIST_FILE = "Sqlite3Demo/Sqlite3Demo-Info.plist";
				PRODUCT_NAME = "$(TARGET_NAME)";
				WRAPPER_EXTENSION = app;
			};
			name = Release;
		};
/* End XCBuildConfiguration section */

/* Begin XCConfigurationList section */
		AC0886FB16022603004DF33F /* Build configuration list for PBXProject "Sqlite3Demo" */ = {
			isa = XCConfigurationList;
			buildConfigurations = (
				AC08871D16022604004DF33F /* Debug */,
				AC08871E16022604004DF33F /* Release */,
			);
			defaultConfigurationIsVisible = 0;
			defaultConfigurationName = Release;
		};
		AC08871F16022604004DF33F /* Build configuration list for PBXNativeTarget "Sqlite3Demo" */ = {
			isa = XCConfigurationList;
			buildConfigurations = (
				AC08872016022604004DF33F /* Debug */,
				AC08872116022604004DF33F /* Release */,
			);
			defaultConfigurationIsVisible = 0;
		};
/* End XCConfigurationList section */
	};
	rootObject = AC0886F816022603004DF33F /* Project object */;
}
