// !$*UTF8*$!
{
	archiveVersion = 1;
	classes = {
	};
	objectVersion = 46;
	objects = {

/* Begin PBXBuildFile section */
		ACE9C6C515ED1367007E8E9C /* UIKit.framework in Frameworks */ = {isa = PBXBuildFile; fileRef = ACE9C6C415ED1367007E8E9C /* UIKit.framework */; };
		ACE9C6C715ED1367007E8E9C /* Foundation.framework in Frameworks */ = {isa = PBXBuildFile; fileRef = ACE9C6C615ED1367007E8E9C /* Foundation.framework */; };
		ACE9C6C915ED1367007E8E9C /* CoreGraphics.framework in Frameworks */ = {isa = PBXBuildFile; fileRef = ACE9C6C815ED1367007E8E9C /* CoreGraphics.framework */; };
		ACE9C6CF15ED1367007E8E9C /* InfoPlist.strings in Resources */ = {isa = PBXBuildFile; fileRef = ACE9C6CD15ED1367007E8E9C /* InfoPlist.strings */; };
		ACE9C6D115ED1367007E8E9C /* main.m in Sources */ = {isa = PBXBuildFile; fileRef = ACE9C6D015ED1367007E8E9C /* main.m */; };
		ACE9C6D515ED1367007E8E9C /* AppDelegate.m in Sources */ = {isa = PBXBuildFile; fileRef = ACE9C6D415ED1367007E8E9C /* AppDelegate.m */; };
		ACE9C6D815ED1367007E8E9C /* MainStoryboard.storyboard in Resources */ = {isa = PBXBuildFile; fileRef = ACE9C6D615ED1367007E8E9C /* MainStoryboard.storyboard */; };
		ACE9C6DB15ED1367007E8E9C /* ViewController.m in Sources */ = {isa = PBXBuildFile; fileRef = ACE9C6DA15ED1367007E8E9C /* ViewController.m */; };
/* End PBXBuildFile section */

/* Begin PBXFileReference section */
		ACE9C6C015ED1367007E8E9C /* SqlLite3Demo.app */ = {isa = PBXFileReference; explicitFileType = wrapper.application; includeInIndex = 0; path = SqlLite3Demo.app; sourceTree = BUILT_PRODUCTS_DIR; };
		ACE9C6C415ED1367007E8E9C /* UIKit.framework */ = {isa = PBXFileReference; lastKnownFileType = wrapper.framework; name = UIKit.framework; path = System/Library/Frameworks/UIKit.framework; sourceTree = SDKROOT; };
		ACE9C6C615ED1367007E8E9C /* Foundation.framework */ = {isa = PBXFileReference; lastKnownFileType = wrapper.framework; name = Foundation.framework; path = System/Library/Frameworks/Foundation.framework; sourceTree = SDKROOT; };
		ACE9C6C815ED1367007E8E9C /* CoreGraphics.framework */ = {isa = PBXFileReference; lastKnownFileType = wrapper.framework; name = CoreGraphics.framework; path = System/Library/Frameworks/CoreGraphics.framework; sourceTree = SDKROOT; };
		ACE9C6CC15ED1367007E8E9C /* SqlLite3Demo-Info.plist */ = {isa = PBXFileReference; lastKnownFileType = text.plist.xml; path = "SqlLite3Demo-Info.plist"; sourceTree = "<group>"; };
		ACE9C6CE15ED1367007E8E9C /* en */ = {isa = PBXFileReference; lastKnownFileType = text.plist.strings; name = en; path = en.lproj/InfoPlist.strings; sourceTree = "<group>"; };
		ACE9C6D015ED1367007E8E9C /* main.m */ = {isa = PBXFileReference; lastKnownFileType = sourcecode.c.objc; path = main.m; sourceTree = "<group>"; };
		ACE9C6D215ED1367007E8E9C /* SqlLite3Demo-Prefix.pch */ = {isa = PBXFileReference; lastKnownFileType = sourcecode.c.h; path = "SqlLite3Demo-Prefix.pch"; sourceTree = "<group>"; };
		ACE9C6D315ED1367007E8E9C /* AppDelegate.h */ = {isa = PBXFileReference; lastKnownFileType = sourcecode.c.h; path = AppDelegate.h; sourceTree = "<group>"; };
		ACE9C6D415ED1367007E8E9C /* AppDelegate.m */ = {isa = PBXFileReference; lastKnownFileType = sourcecode.c.objc; path = AppDelegate.m; sourceTree = "<group>"; };
		ACE9C6D715ED1367007E8E9C /* en */ = {isa = PBXFileReference; lastKnownFileType = file.storyboard; name = en; path = en.lproj/MainStoryboard.storyboard; sourceTree = "<group>"; };
		ACE9C6D915ED1367007E8E9C /* ViewController.h */ = {isa = PBXFileReference; lastKnownFileType = sourcecode.c.h; path = ViewController.h; sourceTree = "<group>"; };
		ACE9C6DA15ED1367007E8E9C /* ViewController.m */ = {isa = PBXFileReference; lastKnownFileType = sourcecode.c.objc; path = ViewController.m; sourceTree = "<group>"; };
/* End PBXFileReference section */

/* Begin PBXFrameworksBuildPhase section */
		ACE9C6BD15ED1367007E8E9C /* Frameworks */ = {
			isa = PBXFrameworksBuildPhase;
			buildActionMask = 2147483647;
			files = (
				ACE9C6C515ED1367007E8E9C /* UIKit.framework in Frameworks */,
				ACE9C6C715ED1367007E8E9C /* Foundation.framework in Frameworks */,
				ACE9C6C915ED1367007E8E9C /* CoreGraphics.framework in Frameworks */,
			);
			runOnlyForDeploymentPostprocessing = 0;
		};
/* End PBXFrameworksBuildPhase section */

/* Begin PBXGroup section */
		ACE9C6B515ED1366007E8E9C = {
			isa = PBXGroup;
			children = (
				ACE9C6CA15ED1367007E8E9C /* SqlLite3Demo */,
				ACE9C6C315ED1367007E8E9C /* Frameworks */,
				ACE9C6C115ED1367007E8E9C /* Products */,
			);
			sourceTree = "<group>";
		};
		ACE9C6C115ED1367007E8E9C /* Products */ = {
			isa = PBXGroup;
			children = (
				ACE9C6C015ED1367007E8E9C /* SqlLite3Demo.app */,
			);
			name = Products;
			sourceTree = "<group>";
		};
		ACE9C6C315ED1367007E8E9C /* Frameworks */ = {
			isa = PBXGroup;
			children = (
				ACE9C6C415ED1367007E8E9C /* UIKit.framework */,
				ACE9C6C615ED1367007E8E9C /* Foundation.framework */,
				ACE9C6C815ED1367007E8E9C /* CoreGraphics.framework */,
			);
			name = Frameworks;
			sourceTree = "<group>";
		};
		ACE9C6CA15ED1367007E8E9C /* SqlLite3Demo */ = {
			isa = PBXGroup;
			children = (
				ACE9C6D315ED1367007E8E9C /* AppDelegate.h */,
				ACE9C6D415ED1367007E8E9C /* AppDelegate.m */,
				ACE9C6D915ED1367007E8E9C /* ViewController.h */,
				ACE9C6DA15ED1367007E8E9C /* ViewController.m */,
				ACE9C6E115ED137B007E8E9C /* Resourse */,
				ACE9C6CB15ED1367007E8E9C /* Supporting Files */,
			);
			path = SqlLite3Demo;
			sourceTree = "<group>";
		};
		ACE9C6CB15ED1367007E8E9C /* Supporting Files */ = {
			isa = PBXGroup;
			children = (
				ACE9C6CC15ED1367007E8E9C /* SqlLite3Demo-Info.plist */,
				ACE9C6CD15ED1367007E8E9C /* InfoPlist.strings */,
				ACE9C6D015ED1367007E8E9C /* main.m */,
				ACE9C6D215ED1367007E8E9C /* SqlLite3Demo-Prefix.pch */,
			);
			name = "Supporting Files";
			sourceTree = "<group>";
		};
		ACE9C6E115ED137B007E8E9C /* Resourse */ = {
			isa = PBXGroup;
			children = (
				ACE9C6E215ED138F007E8E9C /* View */,
			);
			name = Resourse;
			sourceTree = "<group>";
		};
		ACE9C6E215ED138F007E8E9C /* View */ = {
			isa = PBXGroup;
			children = (
				ACE9C6D615ED1367007E8E9C /* MainStoryboard.storyboard */,
			);
			name = View;
			sourceTree = "<group>";
		};
/* End PBXGroup section */

/* Begin PBXNativeTarget section */
		ACE9C6BF15ED1367007E8E9C /* SqlLite3Demo */ = {
			isa = PBXNativeTarget;
			buildConfigurationList = ACE9C6DE15ED1367007E8E9C /* Build configuration list for PBXNativeTarget "SqlLite3Demo" */;
			buildPhases = (
				ACE9C6BC15ED1367007E8E9C /* Sources */,
				ACE9C6BD15ED1367007E8E9C /* Frameworks */,
				ACE9C6BE15ED1367007E8E9C /* Resources */,
			);
			buildRules = (
			);
			dependencies = (
			);
			name = SqlLite3Demo;
			productName = SqlLite3Demo;
			productReference = ACE9C6C015ED1367007E8E9C /* SqlLite3Demo.app */;
			productType = "com.apple.product-type.application";
		};
/* End PBXNativeTarget section */

/* Begin PBXProject section */
		ACE9C6B715ED1366007E8E9C /* Project object */ = {
			isa = PBXProject;
			attributes = {
				LastUpgradeCheck = 0420;
				ORGANIZATIONNAME = "点睛工作室";
			};
			buildConfigurationList = ACE9C6BA15ED1366007E8E9C /* Build configuration list for PBXProject "SqlLite3Demo" */;
			compatibilityVersion = "Xcode 3.2";
			developmentRegion = English;
			hasScannedForEncodings = 0;
			knownRegions = (
				en,
			);
			mainGroup = ACE9C6B515ED1366007E8E9C;
			productRefGroup = ACE9C6C115ED1367007E8E9C /* Products */;
			projectDirPath = "";
			projectRoot = "";
			targets = (
				ACE9C6BF15ED1367007E8E9C /* SqlLite3Demo */,
			);
		};
/* End PBXProject section */

/* Begin PBXResourcesBuildPhase section */
		ACE9C6BE15ED1367007E8E9C /* Resources */ = {
			isa = PBXResourcesBuildPhase;
			buildActionMask = 2147483647;
			files = (
				ACE9C6CF15ED1367007E8E9C /* InfoPlist.strings in Resources */,
				ACE9C6D815ED1367007E8E9C /* MainStoryboard.storyboard in Resources */,
			);
			runOnlyForDeploymentPostprocessing = 0;
		};
/* End PBXResourcesBuildPhase section */

/* Begin PBXSourcesBuildPhase section */
		ACE9C6BC15ED1367007E8E9C /* Sources */ = {
			isa = PBXSourcesBuildPhase;
			buildActionMask = 2147483647;
			files = (
				ACE9C6D115ED1367007E8E9C /* main.m in Sources */,
				ACE9C6D515ED1367007E8E9C /* AppDelegate.m in Sources */,
				ACE9C6DB15ED1367007E8E9C /* ViewController.m in Sources */,
			);
			runOnlyForDeploymentPostprocessing = 0;
		};
/* End PBXSourcesBuildPhase section */

/* Begin PBXVariantGroup section */
		ACE9C6CD15ED1367007E8E9C /* InfoPlist.strings */ = {
			isa = PBXVariantGroup;
			children = (
				ACE9C6CE15ED1367007E8E9C /* en */,
			);
			name = InfoPlist.strings;
			sourceTree = "<group>";
		};
		ACE9C6D615ED1367007E8E9C /* MainStoryboard.storyboard */ = {
			isa = PBXVariantGroup;
			children = (
				ACE9C6D715ED1367007E8E9C /* en */,
			);
			name = MainStoryboard.storyboard;
			sourceTree = "<group>";
		};
/* End PBXVariantGroup section */

/* Begin XCBuildConfiguration section */
		ACE9C6DC15ED1367007E8E9C /* Debug */ = {
			isa = XCBuildConfiguration;
			buildSettings = {
				ALWAYS_SEARCH_USER_PATHS = NO;
				ARCHS = "$(ARCHS_STANDARD_32_BIT)";
				CLANG_ENABLE_OBJC_ARC = YES;
				"CODE_SIGN_IDENTITY[sdk=iphoneos*]" = "iPhone Developer";
				COPY_PHASE_STRIP = NO;
				GCC_C_LANGUAGE_STANDARD = gnu99;
				GCC_DYNAMIC_NO_PIC = NO;
				GCC_OPTIMIZATION_LEVEL = 0;
				GCC_PREPROCESSOR_DEFINITIONS = (
					"DEBUG=1",
					"$(inherited)",
				);
				GCC_SYMBOLS_PRIVATE_EXTERN = NO;
				GCC_VERSION = com.apple.compilers.llvm.clang.1_0;
				GCC_WARN_ABOUT_MISSING_PROTOTYPES = YES;
				GCC_WARN_ABOUT_RETURN_TYPE = YES;
				GCC_WARN_UNUSED_VARIABLE = YES;
				IPHONEOS_DEPLOYMENT_TARGET = 5.0;
				SDKROOT = iphoneos;
			};
			name = Debug;
		};
		ACE9C6DD15ED1367007E8E9C /* Release */ = {
			isa = XCBuildConfiguration;
			buildSettings = {
				ALWAYS_SEARCH_USER_PATHS = NO;
				ARCHS = "$(ARCHS_STANDARD_32_BIT)";
				CLANG_ENABLE_OBJC_ARC = YES;
				"CODE_SIGN_IDENTITY[sdk=iphoneos*]" = "iPhone Developer";
				COPY_PHASE_STRIP = YES;
				GCC_C_LANGUAGE_STANDARD = gnu99;
				GCC_VERSION = com.apple.compilers.llvm.clang.1_0;
				GCC_WARN_ABOUT_MISSING_PROTOTYPES = YES;
				GCC_WARN_ABOUT_RETURN_TYPE = YES;
				GCC_WARN_UNUSED_VARIABLE = YES;
				IPHONEOS_DEPLOYMENT_TARGET = 5.0;
				OTHER_CFLAGS = "-DNS_BLOCK_ASSERTIONS=1";
				SDKROOT = iphoneos;
				VALIDATE_PRODUCT = YES;
			};
			name = Release;
		};
		ACE9C6DF15ED1367007E8E9C /* Debug */ = {
			isa = XCBuildConfiguration;
			buildSettings = {
				GCC_PRECOMPILE_PREFIX_HEADER = YES;
				GCC_PREFIX_HEADER = "SqlLite3Demo/SqlLite3Demo-Prefix.pch";
				INFOPLIST_FILE = "SqlLite3Demo/SqlLite3Demo-Info.plist";
				PRODUCT_NAME = "$(TARGET_NAME)";
				WRAPPER_EXTENSION = app;
			};
			name = Debug;
		};
		ACE9C6E015ED1367007E8E9C /* Release */ = {
			isa = XCBuildConfiguration;
			buildSettings = {
				GCC_PRECOMPILE_PREFIX_HEADER = YES;
				GCC_PREFIX_HEADER = "SqlLite3Demo/SqlLite3Demo-Prefix.pch";
				INFOPLIST_FILE = "SqlLite3Demo/SqlLite3Demo-Info.plist";
				PRODUCT_NAME = "$(TARGET_NAME)";
				WRAPPER_EXTENSION = app;
			};
			name = Release;
		};
/* End XCBuildConfiguration section */

/* Begin XCConfigurationList section */
		ACE9C6BA15ED1366007E8E9C /* Build configuration list for PBXProject "SqlLite3Demo" */ = {
			isa = XCConfigurationList;
			buildConfigurations = (
				ACE9C6DC15ED1367007E8E9C /* Debug */,
				ACE9C6DD15ED1367007E8E9C /* Release */,
			);
			defaultConfigurationIsVisible = 0;
			defaultConfigurationName = Release;
		};
		ACE9C6DE15ED1367007E8E9C /* Build configuration list for PBXNativeTarget "SqlLite3Demo" */ = {
			isa = XCConfigurationList;
			buildConfigurations = (
				ACE9C6DF15ED1367007E8E9C /* Debug */,
				ACE9C6E015ED1367007E8E9C /* Release */,
			);
			defaultConfigurationIsVisible = 0;
		};
/* End XCConfigurationList section */
	};
	rootObject = ACE9C6B715ED1366007E8E9C /* Project object */;
}
