// !$*UTF8*$!
{
	archiveVersion = 1;
	classes = {
	};
	objectVersion = 46;
	objects = {

/* Begin PBXBuildFile section */
		ACC20A6E15EE323B005D868E /* UIKit.framework in Frameworks */ = {isa = PBXBuildFile; fileRef = ACC20A6D15EE323B005D868E /* UIKit.framework */; };
		ACC20A7015EE323B005D868E /* Foundation.framework in Frameworks */ = {isa = PBXBuildFile; fileRef = ACC20A6F15EE323B005D868E /* Foundation.framework */; };
		ACC20A7215EE323B005D868E /* CoreGraphics.framework in Frameworks */ = {isa = PBXBuildFile; fileRef = ACC20A7115EE323B005D868E /* CoreGraphics.framework */; };
		ACC20A7815EE323B005D868E /* InfoPlist.strings in Resources */ = {isa = PBXBuildFile; fileRef = ACC20A7615EE323B005D868E /* InfoPlist.strings */; };
		ACC20A7A15EE323B005D868E /* main.m in Sources */ = {isa = PBXBuildFile; fileRef = ACC20A7915EE323B005D868E /* main.m */; };
		ACC20A7E15EE323B005D868E /* AppDelegate.m in Sources */ = {isa = PBXBuildFile; fileRef = ACC20A7D15EE323B005D868E /* AppDelegate.m */; };
		ACC20A8115EE323B005D868E /* MainStoryboard.storyboard in Resources */ = {isa = PBXBuildFile; fileRef = ACC20A7F15EE323B005D868E /* MainStoryboard.storyboard */; };
		ACC20A8415EE323B005D868E /* ViewController.m in Sources */ = {isa = PBXBuildFile; fileRef = ACC20A8315EE323B005D868E /* ViewController.m */; };
		ACC20A8B15EE324D005D868E /* libsqlite3.dylib in Frameworks */ = {isa = PBXBuildFile; fileRef = ACC20A8A15EE324D005D868E /* libsqlite3.dylib */; };
/* End PBXBuildFile section */

/* Begin PBXFileReference section */
		ACC20A6915EE323B005D868E /* SqlLite3Demo.app */ = {isa = PBXFileReference; explicitFileType = wrapper.application; includeInIndex = 0; path = SqlLite3Demo.app; sourceTree = BUILT_PRODUCTS_DIR; };
		ACC20A6D15EE323B005D868E /* UIKit.framework */ = {isa = PBXFileReference; lastKnownFileType = wrapper.framework; name = UIKit.framework; path = System/Library/Frameworks/UIKit.framework; sourceTree = SDKROOT; };
		ACC20A6F15EE323B005D868E /* Foundation.framework */ = {isa = PBXFileReference; lastKnownFileType = wrapper.framework; name = Foundation.framework; path = System/Library/Frameworks/Foundation.framework; sourceTree = SDKROOT; };
		ACC20A7115EE323B005D868E /* CoreGraphics.framework */ = {isa = PBXFileReference; lastKnownFileType = wrapper.framework; name = CoreGraphics.framework; path = System/Library/Frameworks/CoreGraphics.framework; sourceTree = SDKROOT; };
		ACC20A7515EE323B005D868E /* SqlLite3Demo-Info.plist */ = {isa = PBXFileReference; lastKnownFileType = text.plist.xml; path = "SqlLite3Demo-Info.plist"; sourceTree = "<group>"; };
		ACC20A7715EE323B005D868E /* en */ = {isa = PBXFileReference; lastKnownFileType = text.plist.strings; name = en; path = en.lproj/InfoPlist.strings; sourceTree = "<group>"; };
		ACC20A7915EE323B005D868E /* main.m */ = {isa = PBXFileReference; lastKnownFileType = sourcecode.c.objc; path = main.m; sourceTree = "<group>"; };
		ACC20A7B15EE323B005D868E /* SqlLite3Demo-Prefix.pch */ = {isa = PBXFileReference; lastKnownFileType = sourcecode.c.h; path = "SqlLite3Demo-Prefix.pch"; sourceTree = "<group>"; };
		ACC20A7C15EE323B005D868E /* AppDelegate.h */ = {isa = PBXFileReference; lastKnownFileType = sourcecode.c.h; path = AppDelegate.h; sourceTree = "<group>"; };
		ACC20A7D15EE323B005D868E /* AppDelegate.m */ = {isa = PBXFileReference; lastKnownFileType = sourcecode.c.objc; path = AppDelegate.m; sourceTree = "<group>"; };
		ACC20A8015EE323B005D868E /* en */ = {isa = PBXFileReference; lastKnownFileType = file.storyboard; name = en; path = en.lproj/MainStoryboard.storyboard; sourceTree = "<group>"; };
		ACC20A8215EE323B005D868E /* ViewController.h */ = {isa = PBXFileReference; lastKnownFileType = sourcecode.c.h; path = ViewController.h; sourceTree = "<group>"; };
		ACC20A8315EE323B005D868E /* ViewController.m */ = {isa = PBXFileReference; lastKnownFileType = sourcecode.c.objc; path = ViewController.m; sourceTree = "<group>"; };
		ACC20A8A15EE324D005D868E /* libsqlite3.dylib */ = {isa = PBXFileReference; lastKnownFileType = "compiled.mach-o.dylib"; name = libsqlite3.dylib; path = usr/lib/libsqlite3.dylib; sourceTree = SDKROOT; };
/* End PBXFileReference section */

/* Begin PBXFrameworksBuildPhase section */
		ACC20A6615EE323B005D868E /* Frameworks */ = {
			isa = PBXFrameworksBuildPhase;
			buildActionMask = 2147483647;
			files = (
				ACC20A8B15EE324D005D868E /* libsqlite3.dylib in Frameworks */,
				ACC20A6E15EE323B005D868E /* UIKit.framework in Frameworks */,
				ACC20A7015EE323B005D868E /* Foundation.framework in Frameworks */,
				ACC20A7215EE323B005D868E /* CoreGraphics.framework in Frameworks */,
			);
			runOnlyForDeploymentPostprocessing = 0;
		};
/* End PBXFrameworksBuildPhase section */

/* Begin PBXGroup section */
		ACC20A5E15EE323A005D868E = {
			isa = PBXGroup;
			children = (
				ACC20A7315EE323B005D868E /* SqlLite3Demo */,
				ACC20A6C15EE323B005D868E /* Frameworks */,
				ACC20A6A15EE323B005D868E /* Products */,
			);
			sourceTree = "<group>";
		};
		ACC20A6A15EE323B005D868E /* Products */ = {
			isa = PBXGroup;
			children = (
				ACC20A6915EE323B005D868E /* SqlLite3Demo.app */,
			);
			name = Products;
			sourceTree = "<group>";
		};
		ACC20A6C15EE323B005D868E /* Frameworks */ = {
			isa = PBXGroup;
			children = (
				ACC20A8A15EE324D005D868E /* libsqlite3.dylib */,
				ACC20A6D15EE323B005D868E /* UIKit.framework */,
				ACC20A6F15EE323B005D868E /* Foundation.framework */,
				ACC20A7115EE323B005D868E /* CoreGraphics.framework */,
			);
			name = Frameworks;
			sourceTree = "<group>";
		};
		ACC20A7315EE323B005D868E /* SqlLite3Demo */ = {
			isa = PBXGroup;
			children = (
				ACC20A7C15EE323B005D868E /* AppDelegate.h */,
				ACC20A7D15EE323B005D868E /* AppDelegate.m */,
				ACC20A7F15EE323B005D868E /* MainStoryboard.storyboard */,
				ACC20A8215EE323B005D868E /* ViewController.h */,
				ACC20A8315EE323B005D868E /* ViewController.m */,
				ACC20A7415EE323B005D868E /* Supporting Files */,
			);
			path = SqlLite3Demo;
			sourceTree = "<group>";
		};
		ACC20A7415EE323B005D868E /* Supporting Files */ = {
			isa = PBXGroup;
			children = (
				ACC20A7515EE323B005D868E /* SqlLite3Demo-Info.plist */,
				ACC20A7615EE323B005D868E /* InfoPlist.strings */,
				ACC20A7915EE323B005D868E /* main.m */,
				ACC20A7B15EE323B005D868E /* SqlLite3Demo-Prefix.pch */,
			);
			name = "Supporting Files";
			sourceTree = "<group>";
		};
/* End PBXGroup section */

/* Begin PBXNativeTarget section */
		ACC20A6815EE323B005D868E /* SqlLite3Demo */ = {
			isa = PBXNativeTarget;
			buildConfigurationList = ACC20A8715EE323B005D868E /* Build configuration list for PBXNativeTarget "SqlLite3Demo" */;
			buildPhases = (
				ACC20A6515EE323B005D868E /* Sources */,
				ACC20A6615EE323B005D868E /* Frameworks */,
				ACC20A6715EE323B005D868E /* Resources */,
			);
			buildRules = (
			);
			dependencies = (
			);
			name = SqlLite3Demo;
			productName = SqlLite3Demo;
			productReference = ACC20A6915EE323B005D868E /* SqlLite3Demo.app */;
			productType = "com.apple.product-type.application";
		};
/* End PBXNativeTarget section */

/* Begin PBXProject section */
		ACC20A6015EE323A005D868E /* Project object */ = {
			isa = PBXProject;
			attributes = {
				LastUpgradeCheck = 0420;
				ORGANIZATIONNAME = "点睛工作室";
			};
			buildConfigurationList = ACC20A6315EE323A005D868E /* Build configuration list for PBXProject "SqlLite3Demo" */;
			compatibilityVersion = "Xcode 3.2";
			developmentRegion = English;
			hasScannedForEncodings = 0;
			knownRegions = (
				en,
			);
			mainGroup = ACC20A5E15EE323A005D868E;
			productRefGroup = ACC20A6A15EE323B005D868E /* Products */;
			projectDirPath = "";
			projectRoot = "";
			targets = (
				ACC20A6815EE323B005D868E /* SqlLite3Demo */,
			);
		};
/* End PBXProject section */

/* Begin PBXResourcesBuildPhase section */
		ACC20A6715EE323B005D868E /* Resources */ = {
			isa = PBXResourcesBuildPhase;
			buildActionMask = 2147483647;
			files = (
				ACC20A7815EE323B005D868E /* InfoPlist.strings in Resources */,
				ACC20A8115EE323B005D868E /* MainStoryboard.storyboard in Resources */,
			);
			runOnlyForDeploymentPostprocessing = 0;
		};
/* End PBXResourcesBuildPhase section */

/* Begin PBXSourcesBuildPhase section */
		ACC20A6515EE323B005D868E /* Sources */ = {
			isa = PBXSourcesBuildPhase;
			buildActionMask = 2147483647;
			files = (
				ACC20A7A15EE323B005D868E /* main.m in Sources */,
				ACC20A7E15EE323B005D868E /* AppDelegate.m in Sources */,
				ACC20A8415EE323B005D868E /* ViewController.m in Sources */,
			);
			runOnlyForDeploymentPostprocessing = 0;
		};
/* End PBXSourcesBuildPhase section */

/* Begin PBXVariantGroup section */
		ACC20A7615EE323B005D868E /* InfoPlist.strings */ = {
			isa = PBXVariantGroup;
			children = (
				ACC20A7715EE323B005D868E /* en */,
			);
			name = InfoPlist.strings;
			sourceTree = "<group>";
		};
		ACC20A7F15EE323B005D868E /* MainStoryboard.storyboard */ = {
			isa = PBXVariantGroup;
			children = (
				ACC20A8015EE323B005D868E /* en */,
			);
			name = MainStoryboard.storyboard;
			sourceTree = "<group>";
		};
/* End PBXVariantGroup section */

/* Begin XCBuildConfiguration section */
		ACC20A8515EE323B005D868E /* Debug */ = {
			isa = XCBuildConfiguration;
			buildSettings = {
				ALWAYS_SEARCH_USER_PATHS = NO;
				ARCHS = "$(ARCHS_STANDARD_32_BIT)";
				CLANG_ENABLE_OBJC_ARC = YES;
				"CODE_SIGN_IDENTITY[sdk=iphoneos*]" = "iPhone Developer";
				COPY_PHASE_STRIP = NO;
				GCC_C_LANGUAGE_STANDARD = gnu99;
				GCC_DYNAMIC_NO_PIC = NO;
				GCC_OPTIMIZATION_LEVEL = 0;
				GCC_PREPROCESSOR_DEFINITIONS = (
					"DEBUG=1",
					"$(inherited)",
				);
				GCC_SYMBOLS_PRIVATE_EXTERN = NO;
				GCC_VERSION = com.apple.compilers.llvm.clang.1_0;
				GCC_WARN_ABOUT_MISSING_PROTOTYPES = YES;
				GCC_WARN_ABOUT_RETURN_TYPE = YES;
				GCC_WARN_UNUSED_VARIABLE = YES;
				IPHONEOS_DEPLOYMENT_TARGET = 5.0;
				SDKROOT = iphoneos;
			};
			name = Debug;
		};
		ACC20A8615EE323B005D868E /* Release */ = {
			isa = XCBuildConfiguration;
			buildSettings = {
				ALWAYS_SEARCH_USER_PATHS = NO;
				ARCHS = "$(ARCHS_STANDARD_32_BIT)";
				CLANG_ENABLE_OBJC_ARC = YES;
				"CODE_SIGN_IDENTITY[sdk=iphoneos*]" = "iPhone Developer";
				COPY_PHASE_STRIP = YES;
				GCC_C_LANGUAGE_STANDARD = gnu99;
				GCC_VERSION = com.apple.compilers.llvm.clang.1_0;
				GCC_WARN_ABOUT_MISSING_PROTOTYPES = YES;
				GCC_WARN_ABOUT_RETURN_TYPE = YES;
				GCC_WARN_UNUSED_VARIABLE = YES;
				IPHONEOS_DEPLOYMENT_TARGET = 5.0;
				OTHER_CFLAGS = "-DNS_BLOCK_ASSERTIONS=1";
				SDKROOT = iphoneos;
				VALIDATE_PRODUCT = YES;
			};
			name = Release;
		};
		ACC20A8815EE323B005D868E /* Debug */ = {
			isa = XCBuildConfiguration;
			buildSettings = {
				GCC_PRECOMPILE_PREFIX_HEADER = YES;
				GCC_PREFIX_HEADER = "SqlLite3Demo/SqlLite3Demo-Prefix.pch";
				INFOPLIST_FILE = "SqlLite3Demo/SqlLite3Demo-Info.plist";
				PRODUCT_NAME = "$(TARGET_NAME)";
				WRAPPER_EXTENSION = app;
			};
			name = Debug;
		};
		ACC20A8915EE323B005D868E /* Release */ = {
			isa = XCBuildConfiguration;
			buildSettings = {
				GCC_PRECOMPILE_PREFIX_HEADER = YES;
				GCC_PREFIX_HEADER = "SqlLite3Demo/SqlLite3Demo-Prefix.pch";
				INFOPLIST_FILE = "SqlLite3Demo/SqlLite3Demo-Info.plist";
				PRODUCT_NAME = "$(TARGET_NAME)";
				WRAPPER_EXTENSION = app;
			};
			name = Release;
		};
/* End XCBuildConfiguration section */

/* Begin XCConfigurationList section */
		ACC20A6315EE323A005D868E /* Build configuration list for PBXProject "SqlLite3Demo" */ = {
			isa = XCConfigurationList;
			buildConfigurations = (
				ACC20A8515EE323B005D868E /* Debug */,
				ACC20A8615EE323B005D868E /* Release */,
			);
			defaultConfigurationIsVisible = 0;
			defaultConfigurationName = Release;
		};
		ACC20A8715EE323B005D868E /* Build configuration list for PBXNativeTarget "SqlLite3Demo" */ = {
			isa = XCConfigurationList;
			buildConfigurations = (
				ACC20A8815EE323B005D868E /* Debug */,
				ACC20A8915EE323B005D868E /* Release */,
			);
			defaultConfigurationIsVisible = 0;
		};
/* End XCConfigurationList section */
	};
	rootObject = ACC20A6015EE323A005D868E /* Project object */;
}
