// !$*UTF8*$!
{
	archiveVersion = 1;
	classes = {
	};
	objectVersion = 46;
	objects = {

/* Begin PBXBuildFile section */
		AC6157E416B9527F0058D5B4 /* UIKit.framework in Frameworks */ = {isa = PBXBuildFile; fileRef = AC6157E316B9527F0058D5B4 /* UIKit.framework */; };
		AC6157E616B9527F0058D5B4 /* Foundation.framework in Frameworks */ = {isa = PBXBuildFile; fileRef = AC6157E516B9527F0058D5B4 /* Foundation.framework */; };
		AC6157E816B9527F0058D5B4 /* CoreGraphics.framework in Frameworks */ = {isa = PBXBuildFile; fileRef = AC6157E716B9527F0058D5B4 /* CoreGraphics.framework */; };
		AC6157EE16B9527F0058D5B4 /* InfoPlist.strings in Resources */ = {isa = PBXBuildFile; fileRef = AC6157EC16B9527F0058D5B4 /* InfoPlist.strings */; };
		AC6157F016B9527F0058D5B4 /* main.m in Sources */ = {isa = PBXBuildFile; fileRef = AC6157EF16B9527F0058D5B4 /* main.m */; };
		AC6157F416B9527F0058D5B4 /* AppDelegate.m in Sources */ = {isa = PBXBuildFile; fileRef = AC6157F316B9527F0058D5B4 /* AppDelegate.m */; };
		AC6157F716B9527F0058D5B4 /* MainStoryboard.storyboard in Resources */ = {isa = PBXBuildFile; fileRef = AC6157F516B9527F0058D5B4 /* MainStoryboard.storyboard */; };
		AC6157FA16B9527F0058D5B4 /* ViewController.m in Sources */ = {isa = PBXBuildFile; fileRef = AC6157F916B9527F0058D5B4 /* ViewController.m */; };
		AC61584616B9608C0058D5B4 /* sortednames.plist in Resources */ = {isa = PBXBuildFile; fileRef = AC61584516B9608C0058D5B4 /* sortednames.plist */; };
		AC61584A16B967D50058D5B4 /* NSDictionary+mutableDeepCopy.m in Sources */ = {isa = PBXBuildFile; fileRef = AC61584916B967D50058D5B4 /* NSDictionary+mutableDeepCopy.m */; };
/* End PBXBuildFile section */

/* Begin PBXFileReference section */
		AC6157DF16B9527F0058D5B4 /* IOSDemo.app */ = {isa = PBXFileReference; explicitFileType = wrapper.application; includeInIndex = 0; path = IOSDemo.app; sourceTree = BUILT_PRODUCTS_DIR; };
		AC6157E316B9527F0058D5B4 /* UIKit.framework */ = {isa = PBXFileReference; lastKnownFileType = wrapper.framework; name = UIKit.framework; path = System/Library/Frameworks/UIKit.framework; sourceTree = SDKROOT; };
		AC6157E516B9527F0058D5B4 /* Foundation.framework */ = {isa = PBXFileReference; lastKnownFileType = wrapper.framework; name = Foundation.framework; path = System/Library/Frameworks/Foundation.framework; sourceTree = SDKROOT; };
		AC6157E716B9527F0058D5B4 /* CoreGraphics.framework */ = {isa = PBXFileReference; lastKnownFileType = wrapper.framework; name = CoreGraphics.framework; path = System/Library/Frameworks/CoreGraphics.framework; sourceTree = SDKROOT; };
		AC6157EB16B9527F0058D5B4 /* IOSDemo-Info.plist */ = {isa = PBXFileReference; lastKnownFileType = text.plist.xml; path = "IOSDemo-Info.plist"; sourceTree = "<group>"; };
		AC6157ED16B9527F0058D5B4 /* en */ = {isa = PBXFileReference; lastKnownFileType = text.plist.strings; name = en; path = en.lproj/InfoPlist.strings; sourceTree = "<group>"; };
		AC6157EF16B9527F0058D5B4 /* main.m */ = {isa = PBXFileReference; lastKnownFileType = sourcecode.c.objc; path = main.m; sourceTree = "<group>"; };
		AC6157F116B9527F0058D5B4 /* IOSDemo-Prefix.pch */ = {isa = PBXFileReference; lastKnownFileType = sourcecode.c.h; path = "IOSDemo-Prefix.pch"; sourceTree = "<group>"; };
		AC6157F216B9527F0058D5B4 /* AppDelegate.h */ = {isa = PBXFileReference; lastKnownFileType = sourcecode.c.h; path = AppDelegate.h; sourceTree = "<group>"; };
		AC6157F316B9527F0058D5B4 /* AppDelegate.m */ = {isa = PBXFileReference; lastKnownFileType = sourcecode.c.objc; path = AppDelegate.m; sourceTree = "<group>"; };
		AC6157F616B9527F0058D5B4 /* en */ = {isa = PBXFileReference; lastKnownFileType = file.storyboard; name = en; path = en.lproj/MainStoryboard.storyboard; sourceTree = "<group>"; };
		AC6157F816B9527F0058D5B4 /* ViewController.h */ = {isa = PBXFileReference; lastKnownFileType = sourcecode.c.h; path = ViewController.h; sourceTree = "<group>"; };
		AC6157F916B9527F0058D5B4 /* ViewController.m */ = {isa = PBXFileReference; lastKnownFileType = sourcecode.c.objc; path = ViewController.m; sourceTree = "<group>"; };
		AC61584516B9608C0058D5B4 /* sortednames.plist */ = {isa = PBXFileReference; fileEncoding = 4; lastKnownFileType = text.plist.xml; name = sortednames.plist; path = SupportingFiles/sortednames.plist; sourceTree = "<group>"; };
		AC61584816B967D50058D5B4 /* NSDictionary+mutableDeepCopy.h */ = {isa = PBXFileReference; fileEncoding = 4; lastKnownFileType = sourcecode.c.h; name = "NSDictionary+mutableDeepCopy.h"; path = "Category/NSDictionary+mutableDeepCopy.h"; sourceTree = "<group>"; };
		AC61584916B967D50058D5B4 /* NSDictionary+mutableDeepCopy.m */ = {isa = PBXFileReference; fileEncoding = 4; lastKnownFileType = sourcecode.c.objc; name = "NSDictionary+mutableDeepCopy.m"; path = "Category/NSDictionary+mutableDeepCopy.m"; sourceTree = "<group>"; };
/* End PBXFileReference section */

/* Begin PBXFrameworksBuildPhase section */
		AC6157DC16B9527F0058D5B4 /* Frameworks */ = {
			isa = PBXFrameworksBuildPhase;
			buildActionMask = 2147483647;
			files = (
				AC6157E416B9527F0058D5B4 /* UIKit.framework in Frameworks */,
				AC6157E616B9527F0058D5B4 /* Foundation.framework in Frameworks */,
				AC6157E816B9527F0058D5B4 /* CoreGraphics.framework in Frameworks */,
			);
			runOnlyForDeploymentPostprocessing = 0;
		};
/* End PBXFrameworksBuildPhase section */

/* Begin PBXGroup section */
		AC6157D416B9527E0058D5B4 = {
			isa = PBXGroup;
			children = (
				AC6157E916B9527F0058D5B4 /* IOSDemo */,
				AC6157E216B9527F0058D5B4 /* Frameworks */,
				AC6157E016B9527F0058D5B4 /* Products */,
			);
			sourceTree = "<group>";
		};
		AC6157E016B9527F0058D5B4 /* Products */ = {
			isa = PBXGroup;
			children = (
				AC6157DF16B9527F0058D5B4 /* IOSDemo.app */,
			);
			name = Products;
			sourceTree = "<group>";
		};
		AC6157E216B9527F0058D5B4 /* Frameworks */ = {
			isa = PBXGroup;
			children = (
				AC6157E316B9527F0058D5B4 /* UIKit.framework */,
				AC6157E516B9527F0058D5B4 /* Foundation.framework */,
				AC6157E716B9527F0058D5B4 /* CoreGraphics.framework */,
			);
			name = Frameworks;
			sourceTree = "<group>";
		};
		AC6157E916B9527F0058D5B4 /* IOSDemo */ = {
			isa = PBXGroup;
			children = (
				AC61584316B95AA10058D5B4 /* System */,
				AC61580516B9579C0058D5B4 /* ViewControllers */,
				AC61580416B957830058D5B4 /* Resources */,
				AC6157EA16B9527F0058D5B4 /* Supporting Files */,
			);
			path = IOSDemo;
			sourceTree = "<group>";
		};
		AC6157EA16B9527F0058D5B4 /* Supporting Files */ = {
			isa = PBXGroup;
			children = (
				AC6157EB16B9527F0058D5B4 /* IOSDemo-Info.plist */,
				AC6157EC16B9527F0058D5B4 /* InfoPlist.strings */,
				AC6157EF16B9527F0058D5B4 /* main.m */,
				AC6157F116B9527F0058D5B4 /* IOSDemo-Prefix.pch */,
			);
			name = "Supporting Files";
			sourceTree = "<group>";
		};
		AC61580416B957830058D5B4 /* Resources */ = {
			isa = PBXGroup;
			children = (
				AC61584516B9608C0058D5B4 /* sortednames.plist */,
				AC6157F516B9527F0058D5B4 /* MainStoryboard.storyboard */,
			);
			name = Resources;
			sourceTree = "<group>";
		};
		AC61580516B9579C0058D5B4 /* ViewControllers */ = {
			isa = PBXGroup;
			children = (
				AC61584716B9677D0058D5B4 /* Category */,
				AC61584416B95AB50058D5B4 /* Table */,
			);
			name = ViewControllers;
			sourceTree = "<group>";
		};
		AC61584316B95AA10058D5B4 /* System */ = {
			isa = PBXGroup;
			children = (
				AC6157F216B9527F0058D5B4 /* AppDelegate.h */,
				AC6157F316B9527F0058D5B4 /* AppDelegate.m */,
			);
			name = System;
			sourceTree = "<group>";
		};
		AC61584416B95AB50058D5B4 /* Table */ = {
			isa = PBXGroup;
			children = (
				AC6157F816B9527F0058D5B4 /* ViewController.h */,
				AC6157F916B9527F0058D5B4 /* ViewController.m */,
			);
			name = Table;
			sourceTree = "<group>";
		};
		AC61584716B9677D0058D5B4 /* Category */ = {
			isa = PBXGroup;
			children = (
				AC61584816B967D50058D5B4 /* NSDictionary+mutableDeepCopy.h */,
				AC61584916B967D50058D5B4 /* NSDictionary+mutableDeepCopy.m */,
			);
			name = Category;
			sourceTree = "<group>";
		};
/* End PBXGroup section */

/* Begin PBXNativeTarget section */
		AC6157DE16B9527F0058D5B4 /* IOSDemo */ = {
			isa = PBXNativeTarget;
			buildConfigurationList = AC6157FD16B9527F0058D5B4 /* Build configuration list for PBXNativeTarget "IOSDemo" */;
			buildPhases = (
				AC6157DB16B9527F0058D5B4 /* Sources */,
				AC6157DC16B9527F0058D5B4 /* Frameworks */,
				AC6157DD16B9527F0058D5B4 /* Resources */,
			);
			buildRules = (
			);
			dependencies = (
			);
			name = IOSDemo;
			productName = IOSDemo;
			productReference = AC6157DF16B9527F0058D5B4 /* IOSDemo.app */;
			productType = "com.apple.product-type.application";
		};
/* End PBXNativeTarget section */

/* Begin PBXProject section */
		AC6157D616B9527E0058D5B4 /* Project object */ = {
			isa = PBXProject;
			attributes = {
				LastUpgradeCheck = 0420;
				ORGANIZATIONNAME = "点睛工作室";
			};
			buildConfigurationList = AC6157D916B9527E0058D5B4 /* Build configuration list for PBXProject "IOSDemo" */;
			compatibilityVersion = "Xcode 3.2";
			developmentRegion = English;
			hasScannedForEncodings = 0;
			knownRegions = (
				en,
			);
			mainGroup = AC6157D416B9527E0058D5B4;
			productRefGroup = AC6157E016B9527F0058D5B4 /* Products */;
			projectDirPath = "";
			projectRoot = "";
			targets = (
				AC6157DE16B9527F0058D5B4 /* IOSDemo */,
			);
		};
/* End PBXProject section */

/* Begin PBXResourcesBuildPhase section */
		AC6157DD16B9527F0058D5B4 /* Resources */ = {
			isa = PBXResourcesBuildPhase;
			buildActionMask = 2147483647;
			files = (
				AC6157EE16B9527F0058D5B4 /* InfoPlist.strings in Resources */,
				AC6157F716B9527F0058D5B4 /* MainStoryboard.storyboard in Resources */,
				AC61584616B9608C0058D5B4 /* sortednames.plist in Resources */,
			);
			runOnlyForDeploymentPostprocessing = 0;
		};
/* End PBXResourcesBuildPhase section */

/* Begin PBXSourcesBuildPhase section */
		AC6157DB16B9527F0058D5B4 /* Sources */ = {
			isa = PBXSourcesBuildPhase;
			buildActionMask = 2147483647;
			files = (
				AC6157F016B9527F0058D5B4 /* main.m in Sources */,
				AC6157F416B9527F0058D5B4 /* AppDelegate.m in Sources */,
				AC6157FA16B9527F0058D5B4 /* ViewController.m in Sources */,
				AC61584A16B967D50058D5B4 /* NSDictionary+mutableDeepCopy.m in Sources */,
			);
			runOnlyForDeploymentPostprocessing = 0;
		};
/* End PBXSourcesBuildPhase section */

/* Begin PBXVariantGroup section */
		AC6157EC16B9527F0058D5B4 /* InfoPlist.strings */ = {
			isa = PBXVariantGroup;
			children = (
				AC6157ED16B9527F0058D5B4 /* en */,
			);
			name = InfoPlist.strings;
			sourceTree = "<group>";
		};
		AC6157F516B9527F0058D5B4 /* MainStoryboard.storyboard */ = {
			isa = PBXVariantGroup;
			children = (
				AC6157F616B9527F0058D5B4 /* en */,
			);
			name = MainStoryboard.storyboard;
			sourceTree = "<group>";
		};
/* End PBXVariantGroup section */

/* Begin XCBuildConfiguration section */
		AC6157FB16B9527F0058D5B4 /* Debug */ = {
			isa = XCBuildConfiguration;
			buildSettings = {
				ALWAYS_SEARCH_USER_PATHS = NO;
				ARCHS = "$(ARCHS_STANDARD_32_BIT)";
				CLANG_ENABLE_OBJC_ARC = YES;
				"CODE_SIGN_IDENTITY[sdk=iphoneos*]" = "iPhone Developer";
				COPY_PHASE_STRIP = NO;
				GCC_C_LANGUAGE_STANDARD = gnu99;
				GCC_DYNAMIC_NO_PIC = NO;
				GCC_OPTIMIZATION_LEVEL = 0;
				GCC_PREPROCESSOR_DEFINITIONS = (
					"DEBUG=1",
					"$(inherited)",
				);
				GCC_SYMBOLS_PRIVATE_EXTERN = NO;
				GCC_VERSION = com.apple.compilers.llvm.clang.1_0;
				GCC_WARN_ABOUT_MISSING_PROTOTYPES = YES;
				GCC_WARN_ABOUT_RETURN_TYPE = YES;
				GCC_WARN_UNUSED_VARIABLE = YES;
				IPHONEOS_DEPLOYMENT_TARGET = 5.0;
				SDKROOT = iphoneos;
			};
			name = Debug;
		};
		AC6157FC16B9527F0058D5B4 /* Release */ = {
			isa = XCBuildConfiguration;
			buildSettings = {
				ALWAYS_SEARCH_USER_PATHS = NO;
				ARCHS = "$(ARCHS_STANDARD_32_BIT)";
				CLANG_ENABLE_OBJC_ARC = YES;
				"CODE_SIGN_IDENTITY[sdk=iphoneos*]" = "iPhone Developer";
				COPY_PHASE_STRIP = YES;
				GCC_C_LANGUAGE_STANDARD = gnu99;
				GCC_VERSION = com.apple.compilers.llvm.clang.1_0;
				GCC_WARN_ABOUT_MISSING_PROTOTYPES = YES;
				GCC_WARN_ABOUT_RETURN_TYPE = YES;
				GCC_WARN_UNUSED_VARIABLE = YES;
				IPHONEOS_DEPLOYMENT_TARGET = 5.0;
				OTHER_CFLAGS = "-DNS_BLOCK_ASSERTIONS=1";
				SDKROOT = iphoneos;
				VALIDATE_PRODUCT = YES;
			};
			name = Release;
		};
		AC6157FE16B9527F0058D5B4 /* Debug */ = {
			isa = XCBuildConfiguration;
			buildSettings = {
				GCC_PRECOMPILE_PREFIX_HEADER = YES;
				GCC_PREFIX_HEADER = "IOSDemo/IOSDemo-Prefix.pch";
				INFOPLIST_FILE = "IOSDemo/IOSDemo-Info.plist";
				PRODUCT_NAME = "$(TARGET_NAME)";
				WRAPPER_EXTENSION = app;
			};
			name = Debug;
		};
		AC6157FF16B9527F0058D5B4 /* Release */ = {
			isa = XCBuildConfiguration;
			buildSettings = {
				GCC_PRECOMPILE_PREFIX_HEADER = YES;
				GCC_PREFIX_HEADER = "IOSDemo/IOSDemo-Prefix.pch";
				INFOPLIST_FILE = "IOSDemo/IOSDemo-Info.plist";
				PRODUCT_NAME = "$(TARGET_NAME)";
				WRAPPER_EXTENSION = app;
			};
			name = Release;
		};
/* End XCBuildConfiguration section */

/* Begin XCConfigurationList section */
		AC6157D916B9527E0058D5B4 /* Build configuration list for PBXProject "IOSDemo" */ = {
			isa = XCConfigurationList;
			buildConfigurations = (
				AC6157FB16B9527F0058D5B4 /* Debug */,
				AC6157FC16B9527F0058D5B4 /* Release */,
			);
			defaultConfigurationIsVisible = 0;
			defaultConfigurationName = Release;
		};
		AC6157FD16B9527F0058D5B4 /* Build configuration list for PBXNativeTarget "IOSDemo" */ = {
			isa = XCConfigurationList;
			buildConfigurations = (
				AC6157FE16B9527F0058D5B4 /* Debug */,
				AC6157FF16B9527F0058D5B4 /* Release */,
			);
			defaultConfigurationIsVisible = 0;
		};
/* End XCConfigurationList section */
	};
	rootObject = AC6157D616B9527E0058D5B4 /* Project object */;
}
